
Microsoft Visual Studio Solution File, Format Version 12.00
# Visual Studio Version 16
VisualStudioVersion = 16.0.31729.503
MinimumVisualStudioVersion = 10.0.40219.1
Project("{FAE04EC0-301F-11D3-BF4B-00C04F79EFBC}") = "LinQ_Esempio", "LinQ_Esempio\LinQ_Esempio.csproj", "{2F1B3097-230B-4D77-8B5E-ABBD9D5AABAB}"
EndProject
Global
	GlobalSection(SolutionConfigurationPlatforms) = preSolution
		Debug|Any CPU = Debug|Any CPU
		Release|Any CPU = Release|Any CPU
	EndGlobalSection
	GlobalSection(ProjectConfigurationPlatforms) = postSolution
		{2F1B3097-230B-4D77-8B5E-ABBD9D5AABAB}.Debug|Any CPU.ActiveCfg = Debug|Any CPU
		{2F1B3097-230B-4D77-8B5E-ABBD9D5AABAB}.Debug|Any CPU.Build.0 = Debug|Any CPU
		{2F1B3097-230B-4D77-8B5E-ABBD9D5AABAB}.Release|Any CPU.ActiveCfg = Release|Any CPU
		{2F1B3097-230B-4D77-8B5E-ABBD9D5AABAB}.Release|Any CPU.Build.0 = Release|Any CPU
	EndGlobalSection
	GlobalSection(SolutionProperties) = preSolution
		HideSolutionNode = FALSE
	EndGlobalSection
	GlobalSection(ExtensibilityGlobals) = postSolution
		SolutionGuid = {966E8199-2061-45D8-B130-6215E81D949B}
	EndGlobalSection
EndGlobal
