
Microsoft Visual Studio Solution File, Format Version 12.00
# Visual Studio Version 16
VisualStudioVersion = 16.0.31729.503
MinimumVisualStudioVersion = 10.0.40219.1
Project("{FAE04EC0-301F-11D3-BF4B-00C04F79EFBC}") = "Benvenuto", "Benvenuto\Benvenuto.csproj", "{74FB82E6-37E3-4605-AC4A-B95F1177C0EE}"
EndProject
Global
	GlobalSection(SolutionConfigurationPlatforms) = preSolution
		Debug|Any CPU = Debug|Any CPU
		Release|Any CPU = Release|Any CPU
	EndGlobalSection
	GlobalSection(ProjectConfigurationPlatforms) = postSolution
		{74FB82E6-37E3-4605-AC4A-B95F1177C0EE}.Debug|Any CPU.ActiveCfg = Debug|Any CPU
		{74FB82E6-37E3-4605-AC4A-B95F1177C0EE}.Debug|Any CPU.Build.0 = Debug|Any CPU
		{74FB82E6-37E3-4605-AC4A-B95F1177C0EE}.Release|Any CPU.ActiveCfg = Release|Any CPU
		{74FB82E6-37E3-4605-AC4A-B95F1177C0EE}.Release|Any CPU.Build.0 = Release|Any CPU
	EndGlobalSection
	GlobalSection(SolutionProperties) = preSolution
		HideSolutionNode = FALSE
	EndGlobalSection
	GlobalSection(ExtensibilityGlobals) = postSolution
		SolutionGuid = {AAF4931A-F422-4B5F-88D2-F594A3A008BB}
	EndGlobalSection
EndGlobal
