
Microsoft Visual Studio Solution File, Format Version 12.00
# Visual Studio Version 16
VisualStudioVersion = 16.0.31729.503
MinimumVisualStudioVersion = 10.0.40219.1
Project("{FAE04EC0-301F-11D3-BF4B-00C04F79EFBC}") = "Somma2Interi", "Somma2Interi\Somma2Interi.csproj", "{CC356225-8818-4A23-B20F-3E177E7B5357}"
EndProject
Project("{FAE04EC0-301F-11D3-BF4B-00C04F79EFBC}") = "Divisione2Interi", "Divisione2Interi\Divisione2Interi.csproj", "{EAA0999C-0332-462D-8C71-B1268D9299E6}"
EndProject
Project("{FAE04EC0-301F-11D3-BF4B-00C04F79EFBC}") = "Prodotto2Reali", "Prodotto2Reali\Prodotto2Reali.csproj", "{BEADDECB-A432-4834-B262-B78BCD35C1EB}"
EndProject
Project("{FAE04EC0-301F-11D3-BF4B-00C04F79EFBC}") = "QuadratoConsole", "QuadratoConsole\QuadratoConsole.csproj", "{0AF28EB7-A8E6-45C6-B88F-40155831C363}"
EndProject
Project("{FAE04EC0-301F-11D3-BF4B-00C04F79EFBC}") = "PrezzoQuantitaSconto", "PrezzoQuantitaSconto\PrezzoQuantitaSconto.csproj", "{D3159CFE-48A4-417E-8AD7-86603533E437}"
EndProject
Global
	GlobalSection(SolutionConfigurationPlatforms) = preSolution
		Debug|Any CPU = Debug|Any CPU
		Release|Any CPU = Release|Any CPU
	EndGlobalSection
	GlobalSection(ProjectConfigurationPlatforms) = postSolution
		{CC356225-8818-4A23-B20F-3E177E7B5357}.Debug|Any CPU.ActiveCfg = Debug|Any CPU
		{CC356225-8818-4A23-B20F-3E177E7B5357}.Debug|Any CPU.Build.0 = Debug|Any CPU
		{CC356225-8818-4A23-B20F-3E177E7B5357}.Release|Any CPU.ActiveCfg = Release|Any CPU
		{CC356225-8818-4A23-B20F-3E177E7B5357}.Release|Any CPU.Build.0 = Release|Any CPU
		{EAA0999C-0332-462D-8C71-B1268D9299E6}.Debug|Any CPU.ActiveCfg = Debug|Any CPU
		{EAA0999C-0332-462D-8C71-B1268D9299E6}.Debug|Any CPU.Build.0 = Debug|Any CPU
		{EAA0999C-0332-462D-8C71-B1268D9299E6}.Release|Any CPU.ActiveCfg = Release|Any CPU
		{EAA0999C-0332-462D-8C71-B1268D9299E6}.Release|Any CPU.Build.0 = Release|Any CPU
		{BEADDECB-A432-4834-B262-B78BCD35C1EB}.Debug|Any CPU.ActiveCfg = Debug|Any CPU
		{BEADDECB-A432-4834-B262-B78BCD35C1EB}.Debug|Any CPU.Build.0 = Debug|Any CPU
		{BEADDECB-A432-4834-B262-B78BCD35C1EB}.Release|Any CPU.ActiveCfg = Release|Any CPU
		{BEADDECB-A432-4834-B262-B78BCD35C1EB}.Release|Any CPU.Build.0 = Release|Any CPU
		{0AF28EB7-A8E6-45C6-B88F-40155831C363}.Debug|Any CPU.ActiveCfg = Debug|Any CPU
		{0AF28EB7-A8E6-45C6-B88F-40155831C363}.Debug|Any CPU.Build.0 = Debug|Any CPU
		{0AF28EB7-A8E6-45C6-B88F-40155831C363}.Release|Any CPU.ActiveCfg = Release|Any CPU
		{0AF28EB7-A8E6-45C6-B88F-40155831C363}.Release|Any CPU.Build.0 = Release|Any CPU
		{D3159CFE-48A4-417E-8AD7-86603533E437}.Debug|Any CPU.ActiveCfg = Debug|Any CPU
		{D3159CFE-48A4-417E-8AD7-86603533E437}.Debug|Any CPU.Build.0 = Debug|Any CPU
		{D3159CFE-48A4-417E-8AD7-86603533E437}.Release|Any CPU.ActiveCfg = Release|Any CPU
		{D3159CFE-48A4-417E-8AD7-86603533E437}.Release|Any CPU.Build.0 = Release|Any CPU
	EndGlobalSection
	GlobalSection(SolutionProperties) = preSolution
		HideSolutionNode = FALSE
	EndGlobalSection
	GlobalSection(ExtensibilityGlobals) = postSolution
		SolutionGuid = {B3147A97-0933-4AC3-B8F6-6D06B2A4BA1E}
	EndGlobalSection
EndGlobal
