
Microsoft Visual Studio Solution File, Format Version 12.00
# Visual Studio Version 16
VisualStudioVersion = 16.0.31729.503
MinimumVisualStudioVersion = 10.0.40219.1
Project("{FAE04EC0-301F-11D3-BF4B-00C04F79EFBC}") = "MVC_BikeStores", "MVC_BikeStores\MVC_BikeStores.csproj", "{0906129E-9241-4CB7-BB8B-89E651F70F0A}"
EndProject
Global
	GlobalSection(SolutionConfigurationPlatforms) = preSolution
		Debug|Any CPU = Debug|Any CPU
		Release|Any CPU = Release|Any CPU
	EndGlobalSection
	GlobalSection(ProjectConfigurationPlatforms) = postSolution
		{0906129E-9241-4CB7-BB8B-89E651F70F0A}.Debug|Any CPU.ActiveCfg = Debug|Any CPU
		{0906129E-9241-4CB7-BB8B-89E651F70F0A}.Debug|Any CPU.Build.0 = Debug|Any CPU
		{0906129E-9241-4CB7-BB8B-89E651F70F0A}.Release|Any CPU.ActiveCfg = Release|Any CPU
		{0906129E-9241-4CB7-BB8B-89E651F70F0A}.Release|Any CPU.Build.0 = Release|Any CPU
	EndGlobalSection
	GlobalSection(SolutionProperties) = preSolution
		HideSolutionNode = FALSE
	EndGlobalSection
	GlobalSection(ExtensibilityGlobals) = postSolution
		SolutionGuid = {193D7764-E141-4741-BD4D-B49ADF761599}
	EndGlobalSection
EndGlobal
