
Microsoft Visual Studio Solution File, Format Version 12.00
# Visual Studio Version 16
VisualStudioVersion = 16.0.32126.315
MinimumVisualStudioVersion = 10.0.40219.1
Project("{FAE04EC0-301F-11D3-BF4B-00C04F79EFBC}") = "GAM_Collezioni", "GAM_Collezioni\GAM_Collezioni.csproj", "{9F7C6372-9F10-4CBB-973D-441CE15A73BD}"
EndProject
Global
	GlobalSection(SolutionConfigurationPlatforms) = preSolution
		Debug|Any CPU = Debug|Any CPU
		Release|Any CPU = Release|Any CPU
	EndGlobalSection
	GlobalSection(ProjectConfigurationPlatforms) = postSolution
		{9F7C6372-9F10-4CBB-973D-441CE15A73BD}.Debug|Any CPU.ActiveCfg = Debug|Any CPU
		{9F7C6372-9F10-4CBB-973D-441CE15A73BD}.Debug|Any CPU.Build.0 = Debug|Any CPU
		{9F7C6372-9F10-4CBB-973D-441CE15A73BD}.Release|Any CPU.ActiveCfg = Release|Any CPU
		{9F7C6372-9F10-4CBB-973D-441CE15A73BD}.Release|Any CPU.Build.0 = Release|Any CPU
	EndGlobalSection
	GlobalSection(SolutionProperties) = preSolution
		HideSolutionNode = FALSE
	EndGlobalSection
	GlobalSection(ExtensibilityGlobals) = postSolution
		SolutionGuid = {42B715F4-B5F3-4094-B453-3917B7D63951}
	EndGlobalSection
EndGlobal
