
Microsoft Visual Studio Solution File, Format Version 12.00
# Visual Studio Version 16
VisualStudioVersion = 16.0.31729.503
MinimumVisualStudioVersion = 10.0.40219.1
Project("{FAE04EC0-301F-11D3-BF4B-00C04F79EFBC}") = "ArrayInteri", "ArrayInteri\ArrayInteri.csproj", "{FB148F3E-B4C3-4500-9959-E57949EAAB8B}"
EndProject
Project("{FAE04EC0-301F-11D3-BF4B-00C04F79EFBC}") = "ArrayReali", "ArrayReali\ArrayReali.csproj", "{F1D67337-DD8F-411F-AA99-3105CEDC9DE2}"
EndProject
Project("{FAE04EC0-301F-11D3-BF4B-00C04F79EFBC}") = "ArrayRicerca", "ArrayRicerca\ArrayRicerca.csproj", "{4EEC8BE1-DF50-441D-98DC-38E2370F9C15}"
EndProject
Global
	GlobalSection(SolutionConfigurationPlatforms) = preSolution
		Debug|Any CPU = Debug|Any CPU
		Release|Any CPU = Release|Any CPU
	EndGlobalSection
	GlobalSection(ProjectConfigurationPlatforms) = postSolution
		{FB148F3E-B4C3-4500-9959-E57949EAAB8B}.Debug|Any CPU.ActiveCfg = Debug|Any CPU
		{FB148F3E-B4C3-4500-9959-E57949EAAB8B}.Debug|Any CPU.Build.0 = Debug|Any CPU
		{FB148F3E-B4C3-4500-9959-E57949EAAB8B}.Release|Any CPU.ActiveCfg = Release|Any CPU
		{FB148F3E-B4C3-4500-9959-E57949EAAB8B}.Release|Any CPU.Build.0 = Release|Any CPU
		{F1D67337-DD8F-411F-AA99-3105CEDC9DE2}.Debug|Any CPU.ActiveCfg = Debug|Any CPU
		{F1D67337-DD8F-411F-AA99-3105CEDC9DE2}.Debug|Any CPU.Build.0 = Debug|Any CPU
		{F1D67337-DD8F-411F-AA99-3105CEDC9DE2}.Release|Any CPU.ActiveCfg = Release|Any CPU
		{F1D67337-DD8F-411F-AA99-3105CEDC9DE2}.Release|Any CPU.Build.0 = Release|Any CPU
		{4EEC8BE1-DF50-441D-98DC-38E2370F9C15}.Debug|Any CPU.ActiveCfg = Debug|Any CPU
		{4EEC8BE1-DF50-441D-98DC-38E2370F9C15}.Debug|Any CPU.Build.0 = Debug|Any CPU
		{4EEC8BE1-DF50-441D-98DC-38E2370F9C15}.Release|Any CPU.ActiveCfg = Release|Any CPU
		{4EEC8BE1-DF50-441D-98DC-38E2370F9C15}.Release|Any CPU.Build.0 = Release|Any CPU
	EndGlobalSection
	GlobalSection(SolutionProperties) = preSolution
		HideSolutionNode = FALSE
	EndGlobalSection
	GlobalSection(ExtensibilityGlobals) = postSolution
		SolutionGuid = {D25693E2-C370-4B54-9A3A-D93485D75DD4}
	EndGlobalSection
EndGlobal
