
Microsoft Visual Studio Solution File, Format Version 12.00
# Visual Studio Version 16
VisualStudioVersion = 16.0.31729.503
MinimumVisualStudioVersion = 10.0.40219.1
Project("{F184B08F-C81C-45F6-A57F-5ABD9991F28F}") = "MVC_EF_Database", "MVC_EF_Database\MVC_EF_Database.vbproj", "{4DDEDFC1-BF61-4F81-AE2E-3961932D305F}"
EndProject
Global
	GlobalSection(SolutionConfigurationPlatforms) = preSolution
		Debug|Any CPU = Debug|Any CPU
		Release|Any CPU = Release|Any CPU
	EndGlobalSection
	GlobalSection(ProjectConfigurationPlatforms) = postSolution
		{4DDEDFC1-BF61-4F81-AE2E-3961932D305F}.Debug|Any CPU.ActiveCfg = Debug|Any CPU
		{4DDEDFC1-BF61-4F81-AE2E-3961932D305F}.Debug|Any CPU.Build.0 = Debug|Any CPU
		{4DDEDFC1-BF61-4F81-AE2E-3961932D305F}.Release|Any CPU.ActiveCfg = Release|Any CPU
		{4DDEDFC1-BF61-4F81-AE2E-3961932D305F}.Release|Any CPU.Build.0 = Release|Any CPU
	EndGlobalSection
	GlobalSection(SolutionProperties) = preSolution
		HideSolutionNode = FALSE
	EndGlobalSection
	GlobalSection(ExtensibilityGlobals) = postSolution
		SolutionGuid = {0BE297D2-95A5-455A-A2AA-ACEFA0E68FDC}
	EndGlobalSection
EndGlobal
