
Microsoft Visual Studio Solution File, Format Version 12.00
# Visual Studio Version 16
VisualStudioVersion = 16.0.31729.503
MinimumVisualStudioVersion = 10.0.40219.1
Project("{FAE04EC0-301F-11D3-BF4B-00C04F79EFBC}") = "Azienda", "Azienda\Azienda.csproj", "{03ACAC77-AF75-4A0A-96BE-2C0541CBE651}"
EndProject
Global
	GlobalSection(SolutionConfigurationPlatforms) = preSolution
		Debug|Any CPU = Debug|Any CPU
		Release|Any CPU = Release|Any CPU
	EndGlobalSection
	GlobalSection(ProjectConfigurationPlatforms) = postSolution
		{03ACAC77-AF75-4A0A-96BE-2C0541CBE651}.Debug|Any CPU.ActiveCfg = Debug|Any CPU
		{03ACAC77-AF75-4A0A-96BE-2C0541CBE651}.Debug|Any CPU.Build.0 = Debug|Any CPU
		{03ACAC77-AF75-4A0A-96BE-2C0541CBE651}.Release|Any CPU.ActiveCfg = Release|Any CPU
		{03ACAC77-AF75-4A0A-96BE-2C0541CBE651}.Release|Any CPU.Build.0 = Release|Any CPU
	EndGlobalSection
	GlobalSection(SolutionProperties) = preSolution
		HideSolutionNode = FALSE
	EndGlobalSection
	GlobalSection(ExtensibilityGlobals) = postSolution
		SolutionGuid = {92BAABDD-9674-48C3-828D-9962967E9A2D}
	EndGlobalSection
EndGlobal
