
Microsoft Visual Studio Solution File, Format Version 12.00
# Visual Studio Version 16
VisualStudioVersion = 16.0.31729.503
MinimumVisualStudioVersion = 10.0.40219.1
Project("{FAE04EC0-301F-11D3-BF4B-00C04F79EFBC}") = "Solidi", "Solidi\Solidi.csproj", "{6EE43449-73AD-45A0-A1B9-9F8674581176}"
EndProject
Global
	GlobalSection(SolutionConfigurationPlatforms) = preSolution
		Debug|Any CPU = Debug|Any CPU
		Release|Any CPU = Release|Any CPU
	EndGlobalSection
	GlobalSection(ProjectConfigurationPlatforms) = postSolution
		{6EE43449-73AD-45A0-A1B9-9F8674581176}.Debug|Any CPU.ActiveCfg = Debug|Any CPU
		{6EE43449-73AD-45A0-A1B9-9F8674581176}.Debug|Any CPU.Build.0 = Debug|Any CPU
		{6EE43449-73AD-45A0-A1B9-9F8674581176}.Release|Any CPU.ActiveCfg = Release|Any CPU
		{6EE43449-73AD-45A0-A1B9-9F8674581176}.Release|Any CPU.Build.0 = Release|Any CPU
	EndGlobalSection
	GlobalSection(SolutionProperties) = preSolution
		HideSolutionNode = FALSE
	EndGlobalSection
	GlobalSection(ExtensibilityGlobals) = postSolution
		SolutionGuid = {6DE2D875-ECB7-4CFE-A398-5491AAF8A762}
	EndGlobalSection
EndGlobal
