
Microsoft Visual Studio Solution File, Format Version 12.00
# Visual Studio Version 16
VisualStudioVersion = 16.0.31729.503
MinimumVisualStudioVersion = 10.0.40219.1
Project("{9A19103F-16F7-4668-BE54-9A1E7A4F7556}") = "Stampa200InteriPariPositivi", "Stampa200InteriPariPositivi\Stampa200InteriPariPositivi.csproj", "{5B7DE375-22DC-4884-8F4F-23716E26A5D0}"
EndProject
Project("{9A19103F-16F7-4668-BE54-9A1E7A4F7556}") = "QuadratoSommaNDispari", "QuadratoSommaNDispari\QuadratoSommaNDispari.csproj", "{CD7467B5-9DBB-482F-933C-BAFFE39B519F}"
EndProject
Project("{9A19103F-16F7-4668-BE54-9A1E7A4F7556}") = "MaxMinNInteri", "MaxMinNInteri\MaxMinNInteri.csproj", "{552C5131-C24B-40BC-AF89-5D1ABCACD72B}"
EndProject
Project("{FAE04EC0-301F-11D3-BF4B-00C04F79EFBC}") = "MatriceInteri", "MatriceInteri\MatriceInteri.csproj", "{2DB068BB-1A6B-4B0E-8074-845B95FCBC56}"
EndProject
Project("{FAE04EC0-301F-11D3-BF4B-00C04F79EFBC}") = "MatriciMultiDimensionali", "MatriciMultiDimensionali\MatriciMultiDimensionali.csproj", "{933B0F42-F2E4-44B1-99CB-40735F04A48A}"
EndProject
Global
	GlobalSection(SolutionConfigurationPlatforms) = preSolution
		Debug|Any CPU = Debug|Any CPU
		Release|Any CPU = Release|Any CPU
	EndGlobalSection
	GlobalSection(ProjectConfigurationPlatforms) = postSolution
		{5B7DE375-22DC-4884-8F4F-23716E26A5D0}.Debug|Any CPU.ActiveCfg = Debug|Any CPU
		{5B7DE375-22DC-4884-8F4F-23716E26A5D0}.Debug|Any CPU.Build.0 = Debug|Any CPU
		{5B7DE375-22DC-4884-8F4F-23716E26A5D0}.Release|Any CPU.ActiveCfg = Release|Any CPU
		{5B7DE375-22DC-4884-8F4F-23716E26A5D0}.Release|Any CPU.Build.0 = Release|Any CPU
		{CD7467B5-9DBB-482F-933C-BAFFE39B519F}.Debug|Any CPU.ActiveCfg = Debug|Any CPU
		{CD7467B5-9DBB-482F-933C-BAFFE39B519F}.Debug|Any CPU.Build.0 = Debug|Any CPU
		{CD7467B5-9DBB-482F-933C-BAFFE39B519F}.Release|Any CPU.ActiveCfg = Release|Any CPU
		{CD7467B5-9DBB-482F-933C-BAFFE39B519F}.Release|Any CPU.Build.0 = Release|Any CPU
		{552C5131-C24B-40BC-AF89-5D1ABCACD72B}.Debug|Any CPU.ActiveCfg = Debug|Any CPU
		{552C5131-C24B-40BC-AF89-5D1ABCACD72B}.Debug|Any CPU.Build.0 = Debug|Any CPU
		{552C5131-C24B-40BC-AF89-5D1ABCACD72B}.Release|Any CPU.ActiveCfg = Release|Any CPU
		{552C5131-C24B-40BC-AF89-5D1ABCACD72B}.Release|Any CPU.Build.0 = Release|Any CPU
		{2DB068BB-1A6B-4B0E-8074-845B95FCBC56}.Debug|Any CPU.ActiveCfg = Debug|Any CPU
		{2DB068BB-1A6B-4B0E-8074-845B95FCBC56}.Debug|Any CPU.Build.0 = Debug|Any CPU
		{2DB068BB-1A6B-4B0E-8074-845B95FCBC56}.Release|Any CPU.ActiveCfg = Release|Any CPU
		{2DB068BB-1A6B-4B0E-8074-845B95FCBC56}.Release|Any CPU.Build.0 = Release|Any CPU
		{933B0F42-F2E4-44B1-99CB-40735F04A48A}.Debug|Any CPU.ActiveCfg = Debug|Any CPU
		{933B0F42-F2E4-44B1-99CB-40735F04A48A}.Debug|Any CPU.Build.0 = Debug|Any CPU
		{933B0F42-F2E4-44B1-99CB-40735F04A48A}.Release|Any CPU.ActiveCfg = Release|Any CPU
		{933B0F42-F2E4-44B1-99CB-40735F04A48A}.Release|Any CPU.Build.0 = Release|Any CPU
	EndGlobalSection
	GlobalSection(SolutionProperties) = preSolution
		HideSolutionNode = FALSE
	EndGlobalSection
	GlobalSection(ExtensibilityGlobals) = postSolution
		SolutionGuid = {DA3A3C9B-5E3C-4F7D-9807-8052FE1EA554}
	EndGlobalSection
EndGlobal
