
Microsoft Visual Studio Solution File, Format Version 12.00
# Visual Studio Version 16
VisualStudioVersion = 16.0.31729.503
MinimumVisualStudioVersion = 10.0.40219.1
Project("{FAE04EC0-301F-11D3-BF4B-00C04F79EFBC}") = "Magazzino", "Magazzino\Magazzino.csproj", "{07C777D5-D61B-441F-BCD4-4F02D0D47B60}"
EndProject
Global
	GlobalSection(SolutionConfigurationPlatforms) = preSolution
		Debug|Any CPU = Debug|Any CPU
		Release|Any CPU = Release|Any CPU
	EndGlobalSection
	GlobalSection(ProjectConfigurationPlatforms) = postSolution
		{07C777D5-D61B-441F-BCD4-4F02D0D47B60}.Debug|Any CPU.ActiveCfg = Debug|Any CPU
		{07C777D5-D61B-441F-BCD4-4F02D0D47B60}.Debug|Any CPU.Build.0 = Debug|Any CPU
		{07C777D5-D61B-441F-BCD4-4F02D0D47B60}.Release|Any CPU.ActiveCfg = Release|Any CPU
		{07C777D5-D61B-441F-BCD4-4F02D0D47B60}.Release|Any CPU.Build.0 = Release|Any CPU
	EndGlobalSection
	GlobalSection(SolutionProperties) = preSolution
		HideSolutionNode = FALSE
	EndGlobalSection
	GlobalSection(ExtensibilityGlobals) = postSolution
		SolutionGuid = {1FC79953-5EDC-43C5-AC2F-C2DA699E33B6}
	EndGlobalSection
EndGlobal
