
Microsoft Visual Studio Solution File, Format Version 12.00
# Visual Studio Version 16
VisualStudioVersion = 16.0.31729.503
MinimumVisualStudioVersion = 10.0.40219.1
Project("{FAE04EC0-301F-11D3-BF4B-00C04F79EFBC}") = "GestioneFileTesto", "GestioneFileTesto\GestioneFileTesto.csproj", "{88EEC2BA-4F7F-4D41-9811-DE4B5D5662D0}"
EndProject
Global
	GlobalSection(SolutionConfigurationPlatforms) = preSolution
		Debug|Any CPU = Debug|Any CPU
		Release|Any CPU = Release|Any CPU
	EndGlobalSection
	GlobalSection(ProjectConfigurationPlatforms) = postSolution
		{88EEC2BA-4F7F-4D41-9811-DE4B5D5662D0}.Debug|Any CPU.ActiveCfg = Debug|Any CPU
		{88EEC2BA-4F7F-4D41-9811-DE4B5D5662D0}.Debug|Any CPU.Build.0 = Debug|Any CPU
		{88EEC2BA-4F7F-4D41-9811-DE4B5D5662D0}.Release|Any CPU.ActiveCfg = Release|Any CPU
		{88EEC2BA-4F7F-4D41-9811-DE4B5D5662D0}.Release|Any CPU.Build.0 = Release|Any CPU
	EndGlobalSection
	GlobalSection(SolutionProperties) = preSolution
		HideSolutionNode = FALSE
	EndGlobalSection
	GlobalSection(ExtensibilityGlobals) = postSolution
		SolutionGuid = {41BCAD35-34BC-44D0-86D1-4C8A332C91E2}
	EndGlobalSection
EndGlobal
