
Microsoft Visual Studio Solution File, Format Version 12.00
# Visual Studio Version 16
VisualStudioVersion = 16.0.31729.503
MinimumVisualStudioVersion = 10.0.40219.1
Project("{FAE04EC0-301F-11D3-BF4B-00C04F79EFBC}") = "WebForm_AccessoDB", "WebForm_AccessoDB\WebForm_AccessoDB.csproj", "{7779A91F-DCC4-465C-8725-910F021246FD}"
EndProject
Global
	GlobalSection(SolutionConfigurationPlatforms) = preSolution
		Debug|Any CPU = Debug|Any CPU
		Release|Any CPU = Release|Any CPU
	EndGlobalSection
	GlobalSection(ProjectConfigurationPlatforms) = postSolution
		{7779A91F-DCC4-465C-8725-910F021246FD}.Debug|Any CPU.ActiveCfg = Debug|Any CPU
		{7779A91F-DCC4-465C-8725-910F021246FD}.Debug|Any CPU.Build.0 = Debug|Any CPU
		{7779A91F-DCC4-465C-8725-910F021246FD}.Release|Any CPU.ActiveCfg = Release|Any CPU
		{7779A91F-DCC4-465C-8725-910F021246FD}.Release|Any CPU.Build.0 = Release|Any CPU
	EndGlobalSection
	GlobalSection(SolutionProperties) = preSolution
		HideSolutionNode = FALSE
	EndGlobalSection
	GlobalSection(ExtensibilityGlobals) = postSolution
		SolutionGuid = {F3A3880C-9D60-4DA4-8F97-ABE0A50AA9E0}
	EndGlobalSection
EndGlobal
