
Microsoft Visual Studio Solution File, Format Version 12.00
# Visual Studio Version 16
VisualStudioVersion = 16.0.31729.503
MinimumVisualStudioVersion = 10.0.40219.1
Project("{FAE04EC0-301F-11D3-BF4B-00C04F79EFBC}") = "AnagraficaStudenti", "AnagraficaStudenti\AnagraficaStudenti.csproj", "{3206E1DE-3BA6-4CB2-BFFC-82E45AF743E4}"
EndProject
Global
	GlobalSection(SolutionConfigurationPlatforms) = preSolution
		Debug|Any CPU = Debug|Any CPU
		Release|Any CPU = Release|Any CPU
	EndGlobalSection
	GlobalSection(ProjectConfigurationPlatforms) = postSolution
		{3206E1DE-3BA6-4CB2-BFFC-82E45AF743E4}.Debug|Any CPU.ActiveCfg = Debug|Any CPU
		{3206E1DE-3BA6-4CB2-BFFC-82E45AF743E4}.Debug|Any CPU.Build.0 = Debug|Any CPU
		{3206E1DE-3BA6-4CB2-BFFC-82E45AF743E4}.Release|Any CPU.ActiveCfg = Release|Any CPU
		{3206E1DE-3BA6-4CB2-BFFC-82E45AF743E4}.Release|Any CPU.Build.0 = Release|Any CPU
	EndGlobalSection
	GlobalSection(SolutionProperties) = preSolution
		HideSolutionNode = FALSE
	EndGlobalSection
	GlobalSection(ExtensibilityGlobals) = postSolution
		SolutionGuid = {929F2F0E-AD2D-4785-B782-AB3BF33A6EA5}
	EndGlobalSection
EndGlobal
