
Microsoft Visual Studio Solution File, Format Version 12.00
# Visual Studio Version 16
VisualStudioVersion = 16.0.31729.503
MinimumVisualStudioVersion = 10.0.40219.1
Project("{FAE04EC0-301F-11D3-BF4B-00C04F79EFBC}") = "MVC_BikeStores", "MVC_BikeStores\MVC_BikeStores.csproj", "{B0AD43A0-23EB-4AB3-B519-7033C9B6F5ED}"
EndProject
Global
	GlobalSection(SolutionConfigurationPlatforms) = preSolution
		Debug|Any CPU = Debug|Any CPU
		Release|Any CPU = Release|Any CPU
	EndGlobalSection
	GlobalSection(ProjectConfigurationPlatforms) = postSolution
		{B0AD43A0-23EB-4AB3-B519-7033C9B6F5ED}.Debug|Any CPU.ActiveCfg = Debug|Any CPU
		{B0AD43A0-23EB-4AB3-B519-7033C9B6F5ED}.Debug|Any CPU.Build.0 = Debug|Any CPU
		{B0AD43A0-23EB-4AB3-B519-7033C9B6F5ED}.Release|Any CPU.ActiveCfg = Release|Any CPU
		{B0AD43A0-23EB-4AB3-B519-7033C9B6F5ED}.Release|Any CPU.Build.0 = Release|Any CPU
	EndGlobalSection
	GlobalSection(SolutionProperties) = preSolution
		HideSolutionNode = FALSE
	EndGlobalSection
	GlobalSection(ExtensibilityGlobals) = postSolution
		SolutionGuid = {8CA09C75-A440-491D-A147-9C3A6DFA0CA1}
	EndGlobalSection
EndGlobal
