
Microsoft Visual Studio Solution File, Format Version 12.00
# Visual Studio Version 16
VisualStudioVersion = 16.0.31729.503
MinimumVisualStudioVersion = 10.0.40219.1
Project("{FAE04EC0-301F-11D3-BF4B-00C04F79EFBC}") = "PariDispari", "PariDispari\PariDispari.csproj", "{859F94E4-5E9E-4915-968E-7CB7DCAF0E47}"
EndProject
Project("{FAE04EC0-301F-11D3-BF4B-00C04F79EFBC}") = "GiornoSettimana", "GiornoSettimana\GiornoSettimana.csproj", "{9B0F68D0-2ABE-4F25-A537-2518471E96B7}"
EndProject
Global
	GlobalSection(SolutionConfigurationPlatforms) = preSolution
		Debug|Any CPU = Debug|Any CPU
		Release|Any CPU = Release|Any CPU
	EndGlobalSection
	GlobalSection(ProjectConfigurationPlatforms) = postSolution
		{859F94E4-5E9E-4915-968E-7CB7DCAF0E47}.Debug|Any CPU.ActiveCfg = Debug|Any CPU
		{859F94E4-5E9E-4915-968E-7CB7DCAF0E47}.Debug|Any CPU.Build.0 = Debug|Any CPU
		{859F94E4-5E9E-4915-968E-7CB7DCAF0E47}.Release|Any CPU.ActiveCfg = Release|Any CPU
		{859F94E4-5E9E-4915-968E-7CB7DCAF0E47}.Release|Any CPU.Build.0 = Release|Any CPU
		{9B0F68D0-2ABE-4F25-A537-2518471E96B7}.Debug|Any CPU.ActiveCfg = Debug|Any CPU
		{9B0F68D0-2ABE-4F25-A537-2518471E96B7}.Debug|Any CPU.Build.0 = Debug|Any CPU
		{9B0F68D0-2ABE-4F25-A537-2518471E96B7}.Release|Any CPU.ActiveCfg = Release|Any CPU
		{9B0F68D0-2ABE-4F25-A537-2518471E96B7}.Release|Any CPU.Build.0 = Release|Any CPU
	EndGlobalSection
	GlobalSection(SolutionProperties) = preSolution
		HideSolutionNode = FALSE
	EndGlobalSection
	GlobalSection(ExtensibilityGlobals) = postSolution
		SolutionGuid = {AF0FF762-2E27-453F-AF11-12F0820F4644}
	EndGlobalSection
EndGlobal
