
Microsoft Visual Studio Solution File, Format Version 12.00
# Visual Studio Version 16
VisualStudioVersion = 16.0.31729.503
MinimumVisualStudioVersion = 10.0.40219.1
Project("{FAE04EC0-301F-11D3-BF4B-00C04F79EFBC}") = "GestioneIndirizzi", "GestioneIndirizzi\GestioneIndirizzi.csproj", "{3C8270C3-CB27-4976-85FA-699D42056CA3}"
EndProject
Global
	GlobalSection(SolutionConfigurationPlatforms) = preSolution
		Debug|Any CPU = Debug|Any CPU
		Release|Any CPU = Release|Any CPU
	EndGlobalSection
	GlobalSection(ProjectConfigurationPlatforms) = postSolution
		{3C8270C3-CB27-4976-85FA-699D42056CA3}.Debug|Any CPU.ActiveCfg = Debug|Any CPU
		{3C8270C3-CB27-4976-85FA-699D42056CA3}.Debug|Any CPU.Build.0 = Debug|Any CPU
		{3C8270C3-CB27-4976-85FA-699D42056CA3}.Release|Any CPU.ActiveCfg = Release|Any CPU
		{3C8270C3-CB27-4976-85FA-699D42056CA3}.Release|Any CPU.Build.0 = Release|Any CPU
	EndGlobalSection
	GlobalSection(SolutionProperties) = preSolution
		HideSolutionNode = FALSE
	EndGlobalSection
	GlobalSection(ExtensibilityGlobals) = postSolution
		SolutionGuid = {44ED806F-831F-4408-B25C-BFA108B08621}
	EndGlobalSection
EndGlobal
